
Microsoft Visual Studio Solution File, Format Version 12.00
# Visual Studio 15
VisualStudioVersion = 15.0.27130.2036
MinimumVisualStudioVersion = 10.0.40219.1
Project("{9A19103F-16F7-4668-BE54-9A1E7A4F7556}") = "MySQLClientStandard", "MySQLClientStandard\MySQLClientStandard.csproj", "{7286256E-96B0-497E-BBAB-B8067816BCC7}"
EndProject
Project("{FAE04EC0-301F-11D3-BF4B-00C04F79EFBC}") = "RunningApp", "RunningApp\RunningApp.csproj", "{AE376E95-FD95-4A56-8181-715F568845A6}"
EndProject
Global
	GlobalSection(SolutionConfigurationPlatforms) = preSolution
		Debug|Any CPU = Debug|Any CPU
		Release|Any CPU = Release|Any CPU
	EndGlobalSection
	GlobalSection(ProjectConfigurationPlatforms) = postSolution
		{7286256E-96B0-497E-BBAB-B8067816BCC7}.Debug|Any CPU.ActiveCfg = Debug|Any CPU
		{7286256E-96B0-497E-BBAB-B8067816BCC7}.Debug|Any CPU.Build.0 = Debug|Any CPU
		{7286256E-96B0-497E-BBAB-B8067816BCC7}.Release|Any CPU.ActiveCfg = Release|Any CPU
		{7286256E-96B0-497E-BBAB-B8067816BCC7}.Release|Any CPU.Build.0 = Release|Any CPU
		{AE376E95-FD95-4A56-8181-715F568845A6}.Debug|Any CPU.ActiveCfg = Debug|Any CPU
		{AE376E95-FD95-4A56-8181-715F568845A6}.Debug|Any CPU.Build.0 = Debug|Any CPU
		{AE376E95-FD95-4A56-8181-715F568845A6}.Release|Any CPU.ActiveCfg = Release|Any CPU
		{AE376E95-FD95-4A56-8181-715F568845A6}.Release|Any CPU.Build.0 = Release|Any CPU
	EndGlobalSection
	GlobalSection(SolutionProperties) = preSolution
		HideSolutionNode = FALSE
	EndGlobalSection
	GlobalSection(ExtensibilityGlobals) = postSolution
		SolutionGuid = {72D1BED6-5A62-4BC0-ADE8-6E9ED48000A6}
	EndGlobalSection
EndGlobal
